// !$*UTF8*$!
{
	archiveVersion = 1;
	classes = {
	};
	objectVersion = 77;
	objects = {

/* Begin PBXBuildFile section */
		BG000000000000000002011 /* BackglanceCore in Frameworks */ = {isa = PBXBuildFile; productRef = BG000000000000000002012 /* BackglanceCore */; };
		BG000000000000000002021 /* BackglanceCapture in Frameworks */ = {isa = PBXBuildFile; productRef = BG000000000000000002022 /* BackglanceCapture */; };
		BG000000000000000002031 /* BackglanceSearch in Frameworks */ = {isa = PBXBuildFile; productRef = BG000000000000000002032 /* BackglanceSearch */; };
		BG000000000000000002041 /* BackglanceUI in Frameworks */ = {isa = PBXBuildFile; productRef = BG000000000000000002042 /* BackglanceUI */; };
/* End PBXBuildFile section */

/* Begin PBXFileReference section */
		BG0000000000000000000001 /* Backglance.app */ = {isa = PBXFileReference; explicitFileType = wrapper.application; includeInIndex = 0; path = Backglance.app; sourceTree = BUILT_PRODUCTS_DIR; };
		BG0000000000000000000002 /* Debug.xcconfig */ = {isa = PBXFileReference; lastKnownFileType = text.xcconfig; path = Debug.xcconfig; sourceTree = "<group>"; };
		BG0000000000000000000003 /* Release.xcconfig */ = {isa = PBXFileReference; lastKnownFileType = text.xcconfig; path = Release.xcconfig; sourceTree = "<group>"; };
/* End PBXFileReference section */

/* Begin PBXFileSystemSynchronizedRootGroup section */
		BG0000000000000000000010 /* Backglance */ = {isa = PBXFileSystemSynchronizedRootGroup; exceptions = (BG0000000000000000000011 /* Exceptions for "Backglance" folder in "Backglance" target */,); path = Backglance; sourceTree = "<group>"; };
/* End PBXFileSystemSynchronizedRootGroup section */

/* Begin PBXFileSystemSynchronizedBuildFileExceptionSet section */
		BG0000000000000000000011 /* Exceptions for "Backglance" folder in "Backglance" target */ = {
			isa = PBXFileSystemSynchronizedBuildFileExceptionSet;
			membershipExceptions = (
				Backglance.entitlements,
				Info.plist,
			);
			target = BG0000000000000000000020 /* Backglance */;
		};
/* End PBXFileSystemSynchronizedBuildFileExceptionSet section */

/* Begin PBXFrameworksBuildPhase section */
		BG0000000000000000000030 /* Frameworks */ = {
			isa = PBXFrameworksBuildPhase;
			buildActionMask = 2147483647;
			files = (
				BG000000000000000002011 /* BackglanceCore in Frameworks */,
				BG000000000000000002021 /* BackglanceCapture in Frameworks */,
				BG000000000000000002031 /* BackglanceSearch in Frameworks */,
				BG000000000000000002041 /* BackglanceUI in Frameworks */,
			);
			runOnlyForDeploymentPostprocessing = 0;
		};
/* End PBXFrameworksBuildPhase section */

/* Begin PBXGroup section */
		BG0000000000000000000040 = {
			isa = PBXGroup;
			children = (
				BG0000000000000000000050 /* Config */,
				BG0000000000000000000010 /* Backglance */,
				BG0000000000000000000060 /* Products */,
			);
			sourceTree = "<group>";
		};
		BG0000000000000000000050 /* Config */ = {
			isa = PBXGroup;
			children = (
				BG0000000000000000000002 /* Debug.xcconfig */,
				BG0000000000000000000003 /* Release.xcconfig */,
			);
			path = Config;
			sourceTree = "<group>";
		};
		BG0000000000000000000060 /* Products */ = {
			isa = PBXGroup;
			children = (
				BG0000000000000000000001 /* Backglance.app */,
			);
			name = Products;
			sourceTree = "<group>";
		};
/* End PBXGroup section */

/* Begin PBXNativeTarget section */
		BG0000000000000000000020 /* Backglance */ = {
			isa = PBXNativeTarget;
			buildConfigurationList = BG0000000000000000000070 /* Build configuration list for PBXNativeTarget "Backglance" */;
			buildPhases = (
				BG0000000000000000000080 /* Sources */,
				BG0000000000000000000030 /* Frameworks */,
				BG0000000000000000000090 /* Resources */,
			);
			buildRules = (
			);
			dependencies = (
			);
			fileSystemSynchronizedGroups = (
				BG0000000000000000000010 /* Backglance */,
			);
			name = Backglance;
			packageProductDependencies = (
				BG000000000000000002012 /* BackglanceCore */,
				BG000000000000000002022 /* BackglanceCapture */,
				BG000000000000000002032 /* BackglanceSearch */,
				BG000000000000000002042 /* BackglanceUI */,
			);
			productName = Backglance;
			productReference = BG0000000000000000000001 /* Backglance.app */;
			productType = "com.apple.product-type.application";
		};
/* End PBXNativeTarget section */

/* Begin PBXProject section */
		BG0000000000000000000100 /* Project object */ = {
			isa = PBXProject;
			attributes = {
				BuildIndependentTargetsInParallel = 1;
				LastSwiftUpdateCheck = 2620;
				LastUpgradeCheck = 2620;
				TargetAttributes = {
					BG0000000000000000000020 = {
						CreatedOnToolsVersion = 26.2;
					};
				};
			};
			buildConfigurationList = BG0000000000000000000110 /* Build configuration list for PBXProject "Backglance" */;
			developmentRegion = en;
			hasScannedForEncodings = 0;
			knownRegions = (
				en,
				Base,
			);
			mainGroup = BG0000000000000000000040;
			minimizedProjectReferenceProxies = 1;
			preferredProjectObjectVersion = 77;
			packageReferences = (
				BG000000000000000002013 /* XCLocalSwiftPackageReference "Packages/BackglanceCore" */,
				BG000000000000000002023 /* XCLocalSwiftPackageReference "Packages/BackglanceCapture" */,
				BG000000000000000002033 /* XCLocalSwiftPackageReference "Packages/BackglanceSearch" */,
				BG000000000000000002043 /* XCLocalSwiftPackageReference "Packages/BackglanceUI" */,
			);
			productRefGroup = BG0000000000000000000060 /* Products */;
			projectDirPath = "";
			projectRoot = "";
			targets = (
				BG0000000000000000000020 /* Backglance */,
			);
		};
/* End PBXProject section */

/* Begin PBXResourcesBuildPhase section */
		BG0000000000000000000090 /* Resources */ = {
			isa = PBXResourcesBuildPhase;
			buildActionMask = 2147483647;
			files = (
			);
			runOnlyForDeploymentPostprocessing = 0;
		};
/* End PBXResourcesBuildPhase section */

/* Begin PBXSourcesBuildPhase section */
		BG0000000000000000000080 /* Sources */ = {
			isa = PBXSourcesBuildPhase;
			buildActionMask = 2147483647;
			files = (
			);
			runOnlyForDeploymentPostprocessing = 0;
		};
/* End PBXSourcesBuildPhase section */

/* Begin XCBuildConfiguration section */
		BG0000000000000000000120 /* Debug */ = {
			isa = XCBuildConfiguration;
			baseConfigurationReference = BG0000000000000000000002 /* Debug.xcconfig */;
			buildSettings = {
				ALWAYS_SEARCH_USER_PATHS = NO;
				ASSETCATALOG_COMPILER_GENERATE_SWIFT_ASSET_SYMBOL_EXTENSIONS = YES;
				CLANG_ANALYZER_NONNULL = YES;
				CLANG_ANALYZER_NUMBER_OBJECT_CONVERSION = YES_AGGRESSIVE;
				CLANG_ENABLE_MODULES = YES;
				CLANG_ENABLE_OBJC_ARC = YES;
				CLANG_ENABLE_OBJC_WEAK = YES;
				CLANG_WARN_BLOCK_CAPTURE_AUTORELEASING = YES;
				CLANG_WARN_BOOL_CONVERSION = YES;
				CLANG_WARN_COMMA = YES;
				CLANG_WARN_CONSTANT_CONVERSION = YES;
				CLANG_WARN_DEPRECATED_OBJC_IMPLEMENTATIONS = YES;
				CLANG_WARN_DIRECT_OBJC_ISA_USAGE = YES_ERROR;
				CLANG_WARN_DOCUMENTATION_COMMENTS = YES;
				CLANG_WARN_EMPTY_BODY = YES;
				CLANG_WARN_ENUM_CONVERSION = YES;
				CLANG_WARN_INFINITE_RECURSION = YES;
				CLANG_WARN_INT_CONVERSION = YES;
				CLANG_WARN_NON_LITERAL_NULL_CONVERSION = YES;
				CLANG_WARN_OBJC_IMPLICIT_RETAIN_SELF = YES;
				CLANG_WARN_OBJC_LITERAL_CONVERSION = YES;
				CLANG_WARN_OBJC_ROOT_CLASS = YES_ERROR;
				CLANG_WARN_QUOTED_INCLUDE_IN_FRAMEWORK_HEADER = YES;
				CLANG_WARN_RANGE_LOOP_ANALYSIS = YES;
				CLANG_WARN_STRICT_PROTOTYPES = YES;
				CLANG_WARN_SUSPICIOUS_MOVE = YES;
				CLANG_WARN_UNGUARDED_AVAILABILITY = YES_AGGRESSIVE;
				CLANG_WARN_UNREACHABLE_CODE = YES;
				CLANG_WARN__DUPLICATE_METHOD_MATCH = YES;
				COPY_PHASE_STRIP = NO;
				ENABLE_STRICT_OBJC_MSGSEND = YES;
				ENABLE_USER_SCRIPT_SANDBOXING = YES;
				GCC_C_LANGUAGE_STANDARD = gnu17;
				GCC_DYNAMIC_NO_PIC = NO;
				GCC_NO_COMMON_BLOCKS = YES;
				GCC_WARN_64_TO_32_BIT_CONVERSION = YES;
				GCC_WARN_ABOUT_RETURN_TYPE = YES_ERROR;
				GCC_WARN_UNDECLARED_SELECTOR = YES;
				GCC_WARN_UNINITIALIZED_AUTOS = YES_AGGRESSIVE;
				GCC_WARN_UNUSED_FUNCTION = YES;
				GCC_WARN_UNUSED_VARIABLE = YES;
				LOCALIZATION_PREFERS_STRING_CATALOGS = YES;
				MTL_ENABLE_DEBUG_INFO = INCLUDE_SOURCE;
				MTL_FAST_MATH = YES;
			};
			name = Debug;
		};
		BG0000000000000000000130 /* Release */ = {
			isa = XCBuildConfiguration;
			baseConfigurationReference = BG0000000000000000000003 /* Release.xcconfig */;
			buildSettings = {
				ALWAYS_SEARCH_USER_PATHS = NO;
				ASSETCATALOG_COMPILER_GENERATE_SWIFT_ASSET_SYMBOL_EXTENSIONS = YES;
				CLANG_ANALYZER_NONNULL = YES;
				CLANG_ANALYZER_NUMBER_OBJECT_CONVERSION = YES_AGGRESSIVE;
				CLANG_ENABLE_MODULES = YES;
				CLANG_ENABLE_OBJC_ARC = YES;
				CLANG_ENABLE_OBJC_WEAK = YES;
				CLANG_WARN_BLOCK_CAPTURE_AUTORELEASING = YES;
				CLANG_WARN_BOOL_CONVERSION = YES;
				CLANG_WARN_COMMA = YES;
				CLANG_WARN_CONSTANT_CONVERSION = YES;
				CLANG_WARN_DEPRECATED_OBJC_IMPLEMENTATIONS = YES;
				CLANG_WARN_DIRECT_OBJC_ISA_USAGE = YES_ERROR;
				CLANG_WARN_DOCUMENTATION_COMMENTS = YES;
				CLANG_WARN_EMPTY_BODY = YES;
				CLANG_WARN_ENUM_CONVERSION = YES;
				CLANG_WARN_INFINITE_RECURSION = YES;
				CLANG_WARN_INT_CONVERSION = YES;
				CLANG_WARN_NON_LITERAL_NULL_CONVERSION = YES;
				CLANG_WARN_OBJC_IMPLICIT_RETAIN_SELF = YES;
				CLANG_WARN_OBJC_LITERAL_CONVERSION = YES;
				CLANG_WARN_OBJC_ROOT_CLASS = YES_ERROR;
				CLANG_WARN_QUOTED_INCLUDE_IN_FRAMEWORK_HEADER = YES;
				CLANG_WARN_RANGE_LOOP_ANALYSIS = YES;
				CLANG_WARN_STRICT_PROTOTYPES = YES;
				CLANG_WARN_SUSPICIOUS_MOVE = YES;
				CLANG_WARN_UNGUARDED_AVAILABILITY = YES_AGGRESSIVE;
				CLANG_WARN_UNREACHABLE_CODE = YES;
				CLANG_WARN__DUPLICATE_METHOD_MATCH = YES;
				COPY_PHASE_STRIP = NO;
				ENABLE_STRICT_OBJC_MSGSEND = YES;
				ENABLE_USER_SCRIPT_SANDBOXING = YES;
				GCC_C_LANGUAGE_STANDARD = gnu17;
				GCC_NO_COMMON_BLOCKS = YES;
				GCC_WARN_64_TO_32_BIT_CONVERSION = YES;
				GCC_WARN_ABOUT_RETURN_TYPE = YES_ERROR;
				GCC_WARN_UNDECLARED_SELECTOR = YES;
				GCC_WARN_UNINITIALIZED_AUTOS = YES_AGGRESSIVE;
				GCC_WARN_UNUSED_FUNCTION = YES;
				GCC_WARN_UNUSED_VARIABLE = YES;
				LOCALIZATION_PREFERS_STRING_CATALOGS = YES;
				MTL_ENABLE_DEBUG_INFO = NO;
				MTL_FAST_MATH = YES;
			};
			name = Release;
		};
		BG0000000000000000000140 /* Debug */ = {
			isa = XCBuildConfiguration;
			buildSettings = {
				ASSETCATALOG_COMPILER_APPICON_NAME = AppIcon;
				CODE_SIGN_ENTITLEMENTS = Backglance/Backglance.entitlements;
				CODE_SIGN_STYLE = Automatic;
				COMBINE_HIDPI_IMAGES = YES;
				CURRENT_PROJECT_VERSION = 1;
				INFOPLIST_FILE = Backglance/Info.plist;
				LD_RUNPATH_SEARCH_PATHS = (
					"$(inherited)",
					"@executable_path/../Frameworks",
				);
				MARKETING_VERSION = 0.1.0;
				PRODUCT_BUNDLE_IDENTIFIER = app.backglance.Backglance;
				PRODUCT_NAME = "$(TARGET_NAME)";
				SWIFT_EMIT_LOC_STRINGS = YES;
			};
			name = Debug;
		};
		BG0000000000000000000150 /* Release */ = {
			isa = XCBuildConfiguration;
			buildSettings = {
				ASSETCATALOG_COMPILER_APPICON_NAME = AppIcon;
				CODE_SIGN_ENTITLEMENTS = Backglance/Backglance.entitlements;
				CODE_SIGN_STYLE = Automatic;
				COMBINE_HIDPI_IMAGES = YES;
				CURRENT_PROJECT_VERSION = 1;
				INFOPLIST_FILE = Backglance/Info.plist;
				LD_RUNPATH_SEARCH_PATHS = (
					"$(inherited)",
					"@executable_path/../Frameworks",
				);
				MARKETING_VERSION = 0.1.0;
				PRODUCT_BUNDLE_IDENTIFIER = app.backglance.Backglance;
				PRODUCT_NAME = "$(TARGET_NAME)";
				SWIFT_EMIT_LOC_STRINGS = YES;
			};
			name = Release;
		};
/* End XCBuildConfiguration section */

/* Begin XCLocalSwiftPackageReference section */
		BG000000000000000002013 /* XCLocalSwiftPackageReference "Packages/BackglanceCore" */ = {
			isa = XCLocalSwiftPackageReference;
			relativePath = Packages/BackglanceCore;
		};
		BG000000000000000002023 /* XCLocalSwiftPackageReference "Packages/BackglanceCapture" */ = {
			isa = XCLocalSwiftPackageReference;
			relativePath = Packages/BackglanceCapture;
		};
		BG000000000000000002033 /* XCLocalSwiftPackageReference "Packages/BackglanceSearch" */ = {
			isa = XCLocalSwiftPackageReference;
			relativePath = Packages/BackglanceSearch;
		};
		BG000000000000000002043 /* XCLocalSwiftPackageReference "Packages/BackglanceUI" */ = {
			isa = XCLocalSwiftPackageReference;
			relativePath = Packages/BackglanceUI;
		};
/* End XCLocalSwiftPackageReference section */

/* Begin XCConfigurationList section */
		BG0000000000000000000110 /* Build configuration list for PBXProject "Backglance" */ = {
			isa = XCConfigurationList;
			buildConfigurations = (
				BG0000000000000000000120 /* Debug */,
				BG0000000000000000000130 /* Release */,
			);
			defaultConfigurationIsVisible = 0;
			defaultConfigurationName = Release;
		};
		BG0000000000000000000070 /* Build configuration list for PBXNativeTarget "Backglance" */ = {
			isa = XCConfigurationList;
			buildConfigurations = (
				BG0000000000000000000140 /* Debug */,
				BG0000000000000000000150 /* Release */,
			);
			defaultConfigurationIsVisible = 0;
			defaultConfigurationName = Release;
		};
/* End XCConfigurationList section */

/* Begin XCSwiftPackageProductDependency section */
		BG000000000000000002012 /* BackglanceCore */ = {
			isa = XCSwiftPackageProductDependency;
			productName = BackglanceCore;
		};
		BG000000000000000002022 /* BackglanceCapture */ = {
			isa = XCSwiftPackageProductDependency;
			productName = BackglanceCapture;
		};
		BG000000000000000002032 /* BackglanceSearch */ = {
			isa = XCSwiftPackageProductDependency;
			productName = BackglanceSearch;
		};
		BG000000000000000002042 /* BackglanceUI */ = {
			isa = XCSwiftPackageProductDependency;
			productName = BackglanceUI;
		};
/* End XCSwiftPackageProductDependency section */
	};
	rootObject = BG0000000000000000000100 /* Project object */;
}
